
Microsoft Visual Studio Solution File, Format Version 12.00
# Visual Studio Version 16
VisualStudioVersion = 16.0.31911.196
MinimumVisualStudioVersion = 10.0.40219.1
Project("{FAE04EC0-301F-11D3-BF4B-00C04F79EFBC}") = "BlogTemplateProject", "BlogTemplateProject\BlogTemplateProject.csproj", "{D92DD226-653E-4829-98DC-49544AD90156}"
EndProject
Global
	GlobalSection(SolutionConfigurationPlatforms) = preSolution
		Debug|Any CPU = Debug|Any CPU
		Release|Any CPU = Release|Any CPU
	EndGlobalSection
	GlobalSection(ProjectConfigurationPlatforms) = postSolution
		{D92DD226-653E-4829-98DC-49544AD90156}.Debug|Any CPU.ActiveCfg = Debug|Any CPU
		{D92DD226-653E-4829-98DC-49544AD90156}.Debug|Any CPU.Build.0 = Debug|Any CPU
		{D92DD226-653E-4829-98DC-49544AD90156}.Release|Any CPU.ActiveCfg = Release|Any CPU
		{D92DD226-653E-4829-98DC-49544AD90156}.Release|Any CPU.Build.0 = Release|Any CPU
	EndGlobalSection
	GlobalSection(SolutionProperties) = preSolution
		HideSolutionNode = FALSE
	EndGlobalSection
	GlobalSection(ExtensibilityGlobals) = postSolution
		SolutionGuid = {C23CCC47-2157-4473-95A9-9700CCC6582D}
	EndGlobalSection
EndGlobal
